<?xml version="1.0" encoding="utf-8"?>
<Project ToolsVersion="4.0" xmlns="http://schemas.microsoft.com/developer/msbuild/2003">
  <ItemGroup>
    <Filter Include="Source Files">
      <UniqueIdentifier>{4FC737F1-C7A5-4376-A066-2A32D752A2FF}</UniqueIdentifier>
      <Extensions>cpp;c;cc;cxx;c++;cppm;ixx;def;odl;idl;hpj;bat;asm;asmx</Extensions>
    </Filter>
    <Filter Include="Header Files">
      <UniqueIdentifier>{93995380-89BD-4b04-88EB-625FBE52EBFB}</UniqueIdentifier>
      <Extensions>h;hh;hpp;hxx;h++;hm;inl;inc;ipp;xsd</Extensions>
    </Filter>
    <Filter Include="Resource Files">
      <UniqueIdentifier>{67DA6AB6-F800-4c08-8B7A-83BB121AAD01}</UniqueIdentifier>
      <Extensions>rc;ico;cur;bmp;dlg;rc2;rct;bin;rgs;gif;jpg;jpeg;jpe;resx;tiff;tif;png;wav;mfcribbon-ms</Extensions>
    </Filter>
  </ItemGroup>
  <ItemGroup>
    <ClCompile Include="main.cpp">
      <Filter>Source Files</Filter>
    </ClCompile>
    <ClCompile Include="src\app.cpp">
      <Filter>Source Files</Filter>
    </ClCompile>
    <ClCompile Include="lib\glad.c">
      <Filter>Source Files</Filter>
    </ClCompile>
    <ClCompile Include="src\systems\time.cpp">
      <Filter>Source Files</Filter>
    </ClCompile>
    <ClCompile Include="src\systems\rendering\shader.cpp">
      <Filter>Source Files</Filter>
    </ClCompile>
    <ClCompile Include="src\utility\resources.cpp">
      <Filter>Source Files</Filter>
    </ClCompile>
    <ClCompile Include="src\systems\rendering\material.cpp">
      <Filter>Source Files</Filter>
    </ClCompile>
    <ClCompile Include="src\systems\rendering\mesh.cpp">
      <Filter>Source Files</Filter>
    </ClCompile>
    <ClCompile Include="src\components\gameobject.cpp">
      <Filter>Source Files</Filter>
    </ClCompile>
    <ClCompile Include="src\components\transform.cpp">
      <Filter>Source Files</Filter>
    </ClCompile>
    <ClCompile Include="headers\systems\rendering\scene_renderer.h">
      <Filter>Source Files</Filter>
    </ClCompile>
    <ClCompile Include="src\systems\rendering\scene_renderer.cpp">
      <Filter>Source Files</Filter>
    </ClCompile>
    <ClCompile Include="src\components\camera.cpp">
      <Filter>Source Files</Filter>
    </ClCompile>
  </ItemGroup>
  <ItemGroup>
    <ClInclude Include="headers\app.h">
      <Filter>Header Files</Filter>
    </ClInclude>
    <ClInclude Include="headers\utility\debug.h">
      <Filter>Header Files</Filter>
    </ClInclude>
    <ClInclude Include="headers\systems\time.h">
      <Filter>Header Files</Filter>
    </ClInclude>
    <ClInclude Include="headers\utility\resources.h">
      <Filter>Header Files</Filter>
    </ClInclude>
    <ClInclude Include="headers\utility\files.h">
      <Filter>Header Files</Filter>
    </ClInclude>
    <ClInclude Include="headers\systems\rendering\render.h">
      <Filter>Header Files</Filter>
    </ClInclude>
    <ClInclude Include="headers\components\gameobject.h">
      <Filter>Header Files</Filter>
    </ClInclude>
    <ClInclude Include="headers\components\transform.h">
      <Filter>Header Files</Filter>
    </ClInclude>
    <ClInclude Include="headers\vizzy_internal.h">
      <Filter>Header Files</Filter>
    </ClInclude>
    <ClInclude Include="headers\systems\scene.h">
      <Filter>Header Files</Filter>
    </ClInclude>
    <ClInclude Include="headers\components\sceneobject.h">
      <Filter>Header Files</Filter>
    </ClInclude>
    <ClInclude Include="headers\components\camera.h">
      <Filter>Header Files</Filter>
    </ClInclude>
  </ItemGroup>
  <ItemGroup>
    <Text Include="assets\text\readme.txt" />
  </ItemGroup>
  <ItemGroup>
    <None Include="assets\shaders\frag.glsl" />
    <None Include="assets\shaders\vert.glsl" />
  </ItemGroup>
</Project>